{
  "name": "@broksonic21/xstate-dependabot",
  "version": "0.0.1",
  "lockfileVersion": 3,
  "requires": true,
  "packages": {
    "": {
      "name": "@broksonic21/xstate-dependabot",
      "version": "0.0.1",
      "license": "UNLICENSED",
      "workspaces": [
        "packages/*"
      ],
      "dependencies": {
        "@broksonic21/wrapper": "file:packages/wrapper"
      }
    },
    "node_modules/@broksonic21/wrapper": {
      "resolved": "packages/wrapper",
      "link": true
    },
    "node_modules/xstate": {
      "version": "4.37.2",
      "resolved": "https://registry.npmjs.org/xstate/-/xstate-4.37.2.tgz",
      "integrity": "sha512-Qm337O49CRTZ3PRyRuK6b+kvI+D3JGxXIZCTul+xEsyFCVkTFDt5jixaL1nBWcUBcaTQ9um/5CRGVItPi7fveg==",
      "funding": {
        "type": "opencollective",
        "url": "https://opencollective.com/xstate"
      }
    },
    "packages/wrapper": {
      "name": "@broksonic21/wrapper",
      "version": "0.0.1",
      "license": "UNLICENSED",
      "dependencies": {
        "xstate": "^4.37.1"
      }
    }
  }
}
