{
  "name": "@broksonic21/xstate-dependabot",
  "version": "0.0.1",
  "lockfileVersion": 3,
  "requires": true,
  "packages": {
    "": {
      "name": "@broksonic21/xstate-dependabot",
      "version": "0.0.1",
      "license": "UNLICENSED",
      "workspaces": [
        "packages/*"
      ],
      "dependencies": {
        "@broksonic21/wrapper": "file:packages/wrapper"
      }
    },
    "node_modules/@broksonic21/wrapper": {
      "resolved": "packages/wrapper",
      "link": true
    },
    "node_modules/xstate": {
      "version": "4.38.1",
      "resolved": "https://registry.npmjs.org/xstate/-/xstate-4.38.1.tgz",
      "integrity": "sha512-1gBUcFWBj/rv/pRcP2Bedl5sNRGX2d36CaOx9z7fE9uSiHaOEHIWzLg1B853q2xdUHUA9pEiWKjLZ3can4SJaQ==",
      "funding": {
        "type": "opencollective",
        "url": "https://opencollective.com/xstate"
      }
    },
    "packages/wrapper": {
      "name": "@broksonic21/wrapper",
      "version": "0.0.1",
      "license": "UNLICENSED",
      "dependencies": {
        "xstate": "^4.38.1"
      }
    }
  }
}
